# THIS IS AN AUTOGENERATED FILE. DO NOT EDIT THIS FILE DIRECTLY.
# yarn lockfile v1


"@nodefactory/solidity-comments-core@^1.2.0":
  version "1.2.0"
  resolved "https://registry.yarnpkg.com/@nodefactory/solidity-comments-core/-/solidity-comments-core-1.2.0.tgz#8f3e9c53bbb654518e5145a2fbb01e134ff8ae3e"
  dependencies:
    mustache "^2.3.0"
    solidity-parser-antlr "^0.3.0"

mustache@^2.3.0:
  version "2.3.2"
  resolved "https://registry.yarnpkg.com/mustache/-/mustache-2.3.2.tgz#a6d4d9c3f91d13359ab889a812954f9230a3d0c5"

solidity-parser-antlr@^0.3.0:
  version "0.3.1"
  resolved "https://registry.yarnpkg.com/solidity-parser-antlr/-/solidity-parser-antlr-0.3.1.tgz#6695bafe700036db601e97187d9e974ad48b5687"
